{
  "object": {
    "pins": [
      {
        "package": "Approach",
        "repositoryURL": "https://github.com/apparata/Approach.git",
        "state": {
          "branch": null,
          "revision": "c0daed43aafc58aa870e9a41f425536e2105e613",
          "version": "0.2.0"
        }
      }
    ]
  },
  "version": 1
}
