{
  "object": {
    "pins": [
      {
        "package": "Approach",
        "repositoryURL": "https://github.com/apparata/Approach.git",
        "state": {
          "branch": null,
          "revision": "5249d14c14bfc8f0457441bb2a7883a08fc73569",
          "version": "0.3.0"
        }
      }
    ]
  },
  "version": 1
}
